PODS:
  - Leanplum-iOS-SDK (2.0.3)
  - Leanplum-iOS-UIEditor (2.0.2)

DEPENDENCIES:
  - Leanplum-iOS-SDK (= 2.0.3)
  - Leanplum-iOS-UIEditor

SPEC CHECKSUMS:
  Leanplum-iOS-SDK: 017931f6e4426a58653fb4951900d3f5c60feff4
  Leanplum-iOS-UIEditor: 23befc08eeb6edce6e3e755d40f18c7dcb6ea9d9

PODFILE CHECKSUM: 63ac62e153272eb65d36e4dcdb609a30008cca46

COCOAPODS: 1.4.0.rc.1
